
Microsoft Visual Studio Solution File, Format Version 12.00
# Visual Studio Version 16
VisualStudioVersion = 16.0.31402.337
MinimumVisualStudioVersion = 10.0.40219.1
Project("{9A19103F-16F7-4668-BE54-9A1E7A4F7556}") = "FinancialReportsGenerator", "FinancialReportsGenerator.csproj", "{09F561FE-405A-42DE-B461-B7F28EA32D62}"
EndProject
Project("{9A19103F-16F7-4668-BE54-9A1E7A4F7556}") = "FinancialReportsGeneratorUnitTests", "..\FinancialReportsApiUnitTests\FinancialReportsGeneratorUnitTests.csproj", "{EBA7DC03-2D0C-4DA2-A198-E28E946041FF}"
EndProject
Global
	GlobalSection(SolutionConfigurationPlatforms) = preSolution
		Debug|Any CPU = Debug|Any CPU
		Release|Any CPU = Release|Any CPU
	EndGlobalSection
	GlobalSection(ProjectConfigurationPlatforms) = postSolution
		{09F561FE-405A-42DE-B461-B7F28EA32D62}.Debug|Any CPU.ActiveCfg = Debug|Any CPU
		{09F561FE-405A-42DE-B461-B7F28EA32D62}.Debug|Any CPU.Build.0 = Debug|Any CPU
		{09F561FE-405A-42DE-B461-B7F28EA32D62}.Release|Any CPU.ActiveCfg = Release|Any CPU
		{09F561FE-405A-42DE-B461-B7F28EA32D62}.Release|Any CPU.Build.0 = Release|Any CPU
		{EBA7DC03-2D0C-4DA2-A198-E28E946041FF}.Debug|Any CPU.ActiveCfg = Debug|Any CPU
		{EBA7DC03-2D0C-4DA2-A198-E28E946041FF}.Debug|Any CPU.Build.0 = Debug|Any CPU
		{EBA7DC03-2D0C-4DA2-A198-E28E946041FF}.Release|Any CPU.ActiveCfg = Release|Any CPU
		{EBA7DC03-2D0C-4DA2-A198-E28E946041FF}.Release|Any CPU.Build.0 = Release|Any CPU
	EndGlobalSection
	GlobalSection(SolutionProperties) = preSolution
		HideSolutionNode = FALSE
	EndGlobalSection
	GlobalSection(ExtensibilityGlobals) = postSolution
		SolutionGuid = {F21A033A-D4A9-464B-8E06-90B0F19AA138}
	EndGlobalSection
EndGlobal
