
Microsoft Visual Studio Solution File, Format Version 12.00
# Visual Studio Version 16
VisualStudioVersion = 16.0.31402.337
MinimumVisualStudioVersion = 10.0.40219.1
Project("{9A19103F-16F7-4668-BE54-9A1E7A4F7556}") = "FinancialReportsApiClient", "FinancialReportsApiClient.csproj", "{CA1C0D32-53F9-4E32-843D-5E2C02570DCB}"
EndProject
Project("{9A19103F-16F7-4668-BE54-9A1E7A4F7556}") = "FinancialReportsApiUnitTests", "..\FinancialReportsApiUnitTests\FinancialReportsApiUnitTests.csproj", "{48FB6677-7DF6-4F38-A9C5-5D959BDA1E8D}"
EndProject
Global
	GlobalSection(SolutionConfigurationPlatforms) = preSolution
		Debug|Any CPU = Debug|Any CPU
		Release|Any CPU = Release|Any CPU
	EndGlobalSection
	GlobalSection(ProjectConfigurationPlatforms) = postSolution
		{CA1C0D32-53F9-4E32-843D-5E2C02570DCB}.Debug|Any CPU.ActiveCfg = Debug|Any CPU
		{CA1C0D32-53F9-4E32-843D-5E2C02570DCB}.Debug|Any CPU.Build.0 = Debug|Any CPU
		{CA1C0D32-53F9-4E32-843D-5E2C02570DCB}.Release|Any CPU.ActiveCfg = Release|Any CPU
		{CA1C0D32-53F9-4E32-843D-5E2C02570DCB}.Release|Any CPU.Build.0 = Release|Any CPU
		{48FB6677-7DF6-4F38-A9C5-5D959BDA1E8D}.Debug|Any CPU.ActiveCfg = Debug|Any CPU
		{48FB6677-7DF6-4F38-A9C5-5D959BDA1E8D}.Debug|Any CPU.Build.0 = Debug|Any CPU
		{48FB6677-7DF6-4F38-A9C5-5D959BDA1E8D}.Release|Any CPU.ActiveCfg = Release|Any CPU
		{48FB6677-7DF6-4F38-A9C5-5D959BDA1E8D}.Release|Any CPU.Build.0 = Release|Any CPU
	EndGlobalSection
	GlobalSection(SolutionProperties) = preSolution
		HideSolutionNode = FALSE
	EndGlobalSection
	GlobalSection(ExtensibilityGlobals) = postSolution
		SolutionGuid = {F21A033A-D4A9-464B-8E06-90B0F19AA138}
	EndGlobalSection
EndGlobal
